
Microsoft Visual Studio Solution File, Format Version 12.00
# Visual Studio Version 17
VisualStudioVersion = 17.1.32210.238
MinimumVisualStudioVersion = 10.0.40219.1
Project("{9A19103F-16F7-4668-BE54-9A1E7A4F7556}") = "Server", "Server\Server.csproj", "{02DD48EA-56E3-4A53-96BB-C9E4E7C58FE1}"
EndProject
Project("{9A19103F-16F7-4668-BE54-9A1E7A4F7556}") = "Game-Server", "Game-Server\Game-Server.csproj", "{C06A8B62-0279-4523-8AB8-BB1E48143808}"
EndProject
Project("{9A19103F-16F7-4668-BE54-9A1E7A4F7556}") = "Master-Server", "Master-Server\Master-Server.csproj", "{CC706A1B-0DF3-4C33-89BA-66A1F9F51F1E}"
EndProject
Project("{9A19103F-16F7-4668-BE54-9A1E7A4F7556}") = "Meta-Composer", "Meta-Composer\Meta-Composer.csproj", "{FEAF5553-ADDD-400F-B09D-B7C082B92B24}"
EndProject
Project("{9A19103F-16F7-4668-BE54-9A1E7A4F7556}") = "General-Tests", "General-Tests\General-Tests.csproj", "{4CA9B4D1-1B1A-4ABA-BB6B-C3FBBBF4E141}"
EndProject
Project("{9A19103F-16F7-4668-BE54-9A1E7A4F7556}") = "Stress-Client", "Stress-Client\Stress-Client.csproj", "{AC98BE24-B9AE-4D7E-B03C-5375A7D19607}"
EndProject
Project("{9A19103F-16F7-4668-BE54-9A1E7A4F7556}") = "LiteNetLib", "LiteNetLib\LiteNetLib.csproj", "{9CAD7704-E8BC-4E66-9651-72B622D9A68E}"
EndProject
Project("{9A19103F-16F7-4668-BE54-9A1E7A4F7556}") = "Shared", "Shared\Shared.csproj", "{6787E576-0348-489C-985B-DAD12DF4897B}"
EndProject
Project("{9A19103F-16F7-4668-BE54-9A1E7A4F7556}") = "General-Benchmarks", "General-Benchmarks\General-Benchmarks.csproj", "{99E747A7-BC0E-44C3-8613-9D74B11B652A}"
EndProject
Project("{9A19103F-16F7-4668-BE54-9A1E7A4F7556}") = "MNet-Parser", "MNet-Parser\MNet-Parser.csproj", "{AC98CE85-C949-48BE-9AB7-7E9811F5FE9F}"
EndProject
Project("{FAE04EC0-301F-11D3-BF4B-00C04F79EFBC}") = "Sandbox", "Sandbox\Sandbox.csproj", "{CCF55CF4-AAB9-45A2-A414-F709B69BAA36}"
EndProject
Global
	GlobalSection(SolutionConfigurationPlatforms) = preSolution
		Debug|Any CPU = Debug|Any CPU
		Release|Any CPU = Release|Any CPU
	EndGlobalSection
	GlobalSection(ProjectConfigurationPlatforms) = postSolution
		{02DD48EA-56E3-4A53-96BB-C9E4E7C58FE1}.Debug|Any CPU.ActiveCfg = Debug|Any CPU
		{02DD48EA-56E3-4A53-96BB-C9E4E7C58FE1}.Debug|Any CPU.Build.0 = Debug|Any CPU
		{02DD48EA-56E3-4A53-96BB-C9E4E7C58FE1}.Release|Any CPU.ActiveCfg = Release|Any CPU
		{02DD48EA-56E3-4A53-96BB-C9E4E7C58FE1}.Release|Any CPU.Build.0 = Release|Any CPU
		{C06A8B62-0279-4523-8AB8-BB1E48143808}.Debug|Any CPU.ActiveCfg = Debug|Any CPU
		{C06A8B62-0279-4523-8AB8-BB1E48143808}.Debug|Any CPU.Build.0 = Debug|Any CPU
		{C06A8B62-0279-4523-8AB8-BB1E48143808}.Release|Any CPU.ActiveCfg = Release|Any CPU
		{C06A8B62-0279-4523-8AB8-BB1E48143808}.Release|Any CPU.Build.0 = Release|Any CPU
		{CC706A1B-0DF3-4C33-89BA-66A1F9F51F1E}.Debug|Any CPU.ActiveCfg = Debug|Any CPU
		{CC706A1B-0DF3-4C33-89BA-66A1F9F51F1E}.Debug|Any CPU.Build.0 = Debug|Any CPU
		{CC706A1B-0DF3-4C33-89BA-66A1F9F51F1E}.Release|Any CPU.ActiveCfg = Release|Any CPU
		{CC706A1B-0DF3-4C33-89BA-66A1F9F51F1E}.Release|Any CPU.Build.0 = Release|Any CPU
		{FEAF5553-ADDD-400F-B09D-B7C082B92B24}.Debug|Any CPU.ActiveCfg = Debug|Any CPU
		{FEAF5553-ADDD-400F-B09D-B7C082B92B24}.Debug|Any CPU.Build.0 = Debug|Any CPU
		{FEAF5553-ADDD-400F-B09D-B7C082B92B24}.Release|Any CPU.ActiveCfg = Release|Any CPU
		{FEAF5553-ADDD-400F-B09D-B7C082B92B24}.Release|Any CPU.Build.0 = Release|Any CPU
		{4CA9B4D1-1B1A-4ABA-BB6B-C3FBBBF4E141}.Debug|Any CPU.ActiveCfg = Debug|Any CPU
		{4CA9B4D1-1B1A-4ABA-BB6B-C3FBBBF4E141}.Debug|Any CPU.Build.0 = Debug|Any CPU
		{4CA9B4D1-1B1A-4ABA-BB6B-C3FBBBF4E141}.Release|Any CPU.ActiveCfg = Release|Any CPU
		{4CA9B4D1-1B1A-4ABA-BB6B-C3FBBBF4E141}.Release|Any CPU.Build.0 = Release|Any CPU
		{AC98BE24-B9AE-4D7E-B03C-5375A7D19607}.Debug|Any CPU.ActiveCfg = Debug|Any CPU
		{AC98BE24-B9AE-4D7E-B03C-5375A7D19607}.Debug|Any CPU.Build.0 = Debug|Any CPU
		{AC98BE24-B9AE-4D7E-B03C-5375A7D19607}.Release|Any CPU.ActiveCfg = Release|Any CPU
		{AC98BE24-B9AE-4D7E-B03C-5375A7D19607}.Release|Any CPU.Build.0 = Release|Any CPU
		{9CAD7704-E8BC-4E66-9651-72B622D9A68E}.Debug|Any CPU.ActiveCfg = Debug|Any CPU
		{9CAD7704-E8BC-4E66-9651-72B622D9A68E}.Debug|Any CPU.Build.0 = Debug|Any CPU
		{9CAD7704-E8BC-4E66-9651-72B622D9A68E}.Release|Any CPU.ActiveCfg = Release|Any CPU
		{9CAD7704-E8BC-4E66-9651-72B622D9A68E}.Release|Any CPU.Build.0 = Release|Any CPU
		{6787E576-0348-489C-985B-DAD12DF4897B}.Debug|Any CPU.ActiveCfg = Debug|Any CPU
		{6787E576-0348-489C-985B-DAD12DF4897B}.Debug|Any CPU.Build.0 = Debug|Any CPU
		{6787E576-0348-489C-985B-DAD12DF4897B}.Release|Any CPU.ActiveCfg = Release|Any CPU
		{6787E576-0348-489C-985B-DAD12DF4897B}.Release|Any CPU.Build.0 = Release|Any CPU
		{99E747A7-BC0E-44C3-8613-9D74B11B652A}.Debug|Any CPU.ActiveCfg = Debug|Any CPU
		{99E747A7-BC0E-44C3-8613-9D74B11B652A}.Debug|Any CPU.Build.0 = Debug|Any CPU
		{99E747A7-BC0E-44C3-8613-9D74B11B652A}.Release|Any CPU.ActiveCfg = Release|Any CPU
		{99E747A7-BC0E-44C3-8613-9D74B11B652A}.Release|Any CPU.Build.0 = Release|Any CPU
		{AC98CE85-C949-48BE-9AB7-7E9811F5FE9F}.Debug|Any CPU.ActiveCfg = Debug|Any CPU
		{AC98CE85-C949-48BE-9AB7-7E9811F5FE9F}.Debug|Any CPU.Build.0 = Debug|Any CPU
		{AC98CE85-C949-48BE-9AB7-7E9811F5FE9F}.Release|Any CPU.ActiveCfg = Release|Any CPU
		{AC98CE85-C949-48BE-9AB7-7E9811F5FE9F}.Release|Any CPU.Build.0 = Release|Any CPU
		{CCF55CF4-AAB9-45A2-A414-F709B69BAA36}.Debug|Any CPU.ActiveCfg = Debug|Any CPU
		{CCF55CF4-AAB9-45A2-A414-F709B69BAA36}.Debug|Any CPU.Build.0 = Debug|Any CPU
		{CCF55CF4-AAB9-45A2-A414-F709B69BAA36}.Release|Any CPU.ActiveCfg = Release|Any CPU
		{CCF55CF4-AAB9-45A2-A414-F709B69BAA36}.Release|Any CPU.Build.0 = Release|Any CPU
	EndGlobalSection
	GlobalSection(SolutionProperties) = preSolution
		HideSolutionNode = FALSE
	EndGlobalSection
	GlobalSection(ExtensibilityGlobals) = postSolution
		SolutionGuid = {E044909D-0F90-4738-83B7-60AFB9E9EAA0}
	EndGlobalSection
EndGlobal
