
Microsoft Visual Studio Solution File, Format Version 11.00
# Visual Studio 2010
Project("{FAE04EC0-301F-11D3-BF4B-00C04F79EFBC}") = "MNet-Unity", "MNet-Unity.csproj", "{BE1C6F00-BF17-A24A-7C74-DA0167650178}"
EndProject
Project("{FAE04EC0-301F-11D3-BF4B-00C04F79EFBC}") = "UniTask", "UniTask.csproj", "{B60007EA-AA24-7FC0-AE70-F8D0709B181F}"
EndProject
Project("{FAE04EC0-301F-11D3-BF4B-00C04F79EFBC}") = "UniTask.Linq", "UniTask.Linq.csproj", "{FA0D0E67-84EB-4DF3-172C-099AE7BBD5CC}"
EndProject
Project("{FAE04EC0-301F-11D3-BF4B-00C04F79EFBC}") = "LiteNetLib", "LiteNetLib.csproj", "{1B4927FD-1A71-E482-79DE-F153996F9CDF}"
EndProject
Project("{FAE04EC0-301F-11D3-BF4B-00C04F79EFBC}") = "UniTask.TextMeshPro", "UniTask.TextMeshPro.csproj", "{3DCC2573-0996-5E0D-3748-B205DCE8AC88}"
EndProject
Project("{FAE04EC0-301F-11D3-BF4B-00C04F79EFBC}") = "UniTask.DOTween", "UniTask.DOTween.csproj", "{6A6EE66D-06FA-AFAA-F0DB-28CFA14A585F}"
EndProject
Project("{FAE04EC0-301F-11D3-BF4B-00C04F79EFBC}") = "Assembly-CSharp", "Assembly-CSharp.csproj", "{1856A5CF-3901-2E75-D979-E95CAF2BC13B}"
EndProject
Project("{FAE04EC0-301F-11D3-BF4B-00C04F79EFBC}") = "UniTask.Addressables", "UniTask.Addressables.csproj", "{EA3A808F-634A-4845-5A06-3B5E4A2D56C5}"
EndProject
Project("{FAE04EC0-301F-11D3-BF4B-00C04F79EFBC}") = "UniTask.Editor", "UniTask.Editor.csproj", "{1D0F05DA-D028-2C35-6FB0-A62B0336F603}"
EndProject
Global
	GlobalSection(SolutionConfigurationPlatforms) = preSolution
		Debug|Any CPU = Debug|Any CPU
		Release|Any CPU = Release|Any CPU
	EndGlobalSection
	GlobalSection(ProjectConfigurationPlatforms) = postSolution
		{BE1C6F00-BF17-A24A-7C74-DA0167650178}.Debug|Any CPU.ActiveCfg = Debug|Any CPU
		{BE1C6F00-BF17-A24A-7C74-DA0167650178}.Debug|Any CPU.Build.0 = Debug|Any CPU
		{BE1C6F00-BF17-A24A-7C74-DA0167650178}.Release|Any CPU.ActiveCfg = Release|Any CPU
		{BE1C6F00-BF17-A24A-7C74-DA0167650178}.Release|Any CPU.Build.0 = Release|Any CPU
		{B60007EA-AA24-7FC0-AE70-F8D0709B181F}.Debug|Any CPU.ActiveCfg = Debug|Any CPU
		{B60007EA-AA24-7FC0-AE70-F8D0709B181F}.Debug|Any CPU.Build.0 = Debug|Any CPU
		{B60007EA-AA24-7FC0-AE70-F8D0709B181F}.Release|Any CPU.ActiveCfg = Release|Any CPU
		{B60007EA-AA24-7FC0-AE70-F8D0709B181F}.Release|Any CPU.Build.0 = Release|Any CPU
		{FA0D0E67-84EB-4DF3-172C-099AE7BBD5CC}.Debug|Any CPU.ActiveCfg = Debug|Any CPU
		{FA0D0E67-84EB-4DF3-172C-099AE7BBD5CC}.Debug|Any CPU.Build.0 = Debug|Any CPU
		{FA0D0E67-84EB-4DF3-172C-099AE7BBD5CC}.Release|Any CPU.ActiveCfg = Release|Any CPU
		{FA0D0E67-84EB-4DF3-172C-099AE7BBD5CC}.Release|Any CPU.Build.0 = Release|Any CPU
		{1B4927FD-1A71-E482-79DE-F153996F9CDF}.Debug|Any CPU.ActiveCfg = Debug|Any CPU
		{1B4927FD-1A71-E482-79DE-F153996F9CDF}.Debug|Any CPU.Build.0 = Debug|Any CPU
		{1B4927FD-1A71-E482-79DE-F153996F9CDF}.Release|Any CPU.ActiveCfg = Release|Any CPU
		{1B4927FD-1A71-E482-79DE-F153996F9CDF}.Release|Any CPU.Build.0 = Release|Any CPU
		{3DCC2573-0996-5E0D-3748-B205DCE8AC88}.Debug|Any CPU.ActiveCfg = Debug|Any CPU
		{3DCC2573-0996-5E0D-3748-B205DCE8AC88}.Debug|Any CPU.Build.0 = Debug|Any CPU
		{3DCC2573-0996-5E0D-3748-B205DCE8AC88}.Release|Any CPU.ActiveCfg = Release|Any CPU
		{3DCC2573-0996-5E0D-3748-B205DCE8AC88}.Release|Any CPU.Build.0 = Release|Any CPU
		{6A6EE66D-06FA-AFAA-F0DB-28CFA14A585F}.Debug|Any CPU.ActiveCfg = Debug|Any CPU
		{6A6EE66D-06FA-AFAA-F0DB-28CFA14A585F}.Debug|Any CPU.Build.0 = Debug|Any CPU
		{6A6EE66D-06FA-AFAA-F0DB-28CFA14A585F}.Release|Any CPU.ActiveCfg = Release|Any CPU
		{6A6EE66D-06FA-AFAA-F0DB-28CFA14A585F}.Release|Any CPU.Build.0 = Release|Any CPU
		{1856A5CF-3901-2E75-D979-E95CAF2BC13B}.Debug|Any CPU.ActiveCfg = Debug|Any CPU
		{1856A5CF-3901-2E75-D979-E95CAF2BC13B}.Debug|Any CPU.Build.0 = Debug|Any CPU
		{1856A5CF-3901-2E75-D979-E95CAF2BC13B}.Release|Any CPU.ActiveCfg = Release|Any CPU
		{1856A5CF-3901-2E75-D979-E95CAF2BC13B}.Release|Any CPU.Build.0 = Release|Any CPU
		{EA3A808F-634A-4845-5A06-3B5E4A2D56C5}.Debug|Any CPU.ActiveCfg = Debug|Any CPU
		{EA3A808F-634A-4845-5A06-3B5E4A2D56C5}.Debug|Any CPU.Build.0 = Debug|Any CPU
		{EA3A808F-634A-4845-5A06-3B5E4A2D56C5}.Release|Any CPU.ActiveCfg = Release|Any CPU
		{EA3A808F-634A-4845-5A06-3B5E4A2D56C5}.Release|Any CPU.Build.0 = Release|Any CPU
		{1D0F05DA-D028-2C35-6FB0-A62B0336F603}.Debug|Any CPU.ActiveCfg = Debug|Any CPU
		{1D0F05DA-D028-2C35-6FB0-A62B0336F603}.Debug|Any CPU.Build.0 = Debug|Any CPU
		{1D0F05DA-D028-2C35-6FB0-A62B0336F603}.Release|Any CPU.ActiveCfg = Release|Any CPU
		{1D0F05DA-D028-2C35-6FB0-A62B0336F603}.Release|Any CPU.Build.0 = Release|Any CPU
	EndGlobalSection
	GlobalSection(SolutionProperties) = preSolution
		HideSolutionNode = FALSE
	EndGlobalSection
EndGlobal
