
Microsoft Visual Studio Solution File, Format Version 12.00
# Visual Studio 15
VisualStudioVersion = 15.0.27428.2027
MinimumVisualStudioVersion = 10.0.40219.1
Project("{FAE04EC0-301F-11D3-BF4B-00C04F79EFBC}") = "Server", "Server\Server.csproj", "{0FFAE3D7-53F6-4B1C-802F-722054AE2376}"
EndProject
Project("{FAE04EC0-301F-11D3-BF4B-00C04F79EFBC}") = "Shared", "Shared\Shared.csproj", "{1D7748A0-D914-4D0E-BDF3-489AEAEA46E2}"
EndProject
Project("{FAE04EC0-301F-11D3-BF4B-00C04F79EFBC}") = "Assembly-CSharp", "..\Multiplayer-Game-Unity\Assembly-CSharp.csproj", "{88779CB0-ED79-3274-C2A3-23B036161304}"
EndProject
Global
	GlobalSection(SolutionConfigurationPlatforms) = preSolution
		Debug|Any CPU = Debug|Any CPU
		Release|Any CPU = Release|Any CPU
	EndGlobalSection
	GlobalSection(ProjectConfigurationPlatforms) = postSolution
		{0FFAE3D7-53F6-4B1C-802F-722054AE2376}.Debug|Any CPU.ActiveCfg = Debug|Any CPU
		{0FFAE3D7-53F6-4B1C-802F-722054AE2376}.Debug|Any CPU.Build.0 = Debug|Any CPU
		{0FFAE3D7-53F6-4B1C-802F-722054AE2376}.Release|Any CPU.ActiveCfg = Release|Any CPU
		{0FFAE3D7-53F6-4B1C-802F-722054AE2376}.Release|Any CPU.Build.0 = Release|Any CPU
		{1D7748A0-D914-4D0E-BDF3-489AEAEA46E2}.Debug|Any CPU.ActiveCfg = Debug|Any CPU
		{1D7748A0-D914-4D0E-BDF3-489AEAEA46E2}.Debug|Any CPU.Build.0 = Debug|Any CPU
		{1D7748A0-D914-4D0E-BDF3-489AEAEA46E2}.Release|Any CPU.ActiveCfg = Release|Any CPU
		{1D7748A0-D914-4D0E-BDF3-489AEAEA46E2}.Release|Any CPU.Build.0 = Release|Any CPU
		{88779CB0-ED79-3274-C2A3-23B036161304}.Debug|Any CPU.ActiveCfg = Debug|Any CPU
		{88779CB0-ED79-3274-C2A3-23B036161304}.Release|Any CPU.ActiveCfg = Release|Any CPU
		{88779CB0-ED79-3274-C2A3-23B036161304}.Release|Any CPU.Build.0 = Release|Any CPU
	EndGlobalSection
	GlobalSection(SolutionProperties) = preSolution
		HideSolutionNode = FALSE
	EndGlobalSection
	GlobalSection(ExtensibilityGlobals) = postSolution
		SolutionGuid = {11C3819F-E42B-4E27-BFBD-1322FCC5B070}
	EndGlobalSection
EndGlobal
